<Solution>
  <Folder Name="/Solution Items/">
    <File Path="../LICENSE" />
    <File Path="../README.md" />
    <File Path="Common/Common.AssemblyInfo.cs" />
    <File Path="Common/stylecop.json" />
  </Folder>
  <Project Path="Woohoo.Agi.Engine.UnitTest/Woohoo.Agi.Engine.UnitTest.csproj" />
  <Project Path="Woohoo.Agi.Engine/Woohoo.Agi.Engine.csproj" />
  <Project Path="Woohoo.Agi.Player/Woohoo.Agi.Player.csproj" />
</Solution>
